
Microsoft Visual Studio Solution File, Format Version 12.00
Project("{FAE04EC0-301F-11D3-BF4B-00C04F79EFBC}") = "BarCoder", "BarCoder\BarCoder.csproj", "{44207864-878B-4A77-A0C7-EC93786046FF}"
EndProject
Global
	GlobalSection(SolutionConfigurationPlatforms) = preSolution
		Debug|Any CPU = Debug|Any CPU
		Release|Any CPU = Release|Any CPU
	EndGlobalSection
	GlobalSection(ProjectConfigurationPlatforms) = postSolution
		{44207864-878B-4A77-A0C7-EC93786046FF}.Debug|Any CPU.ActiveCfg = Debug|Any CPU
		{44207864-878B-4A77-A0C7-EC93786046FF}.Debug|Any CPU.Build.0 = Debug|Any CPU
		{44207864-878B-4A77-A0C7-EC93786046FF}.Release|Any CPU.ActiveCfg = Release|Any CPU
		{44207864-878B-4A77-A0C7-EC93786046FF}.Release|Any CPU.Build.0 = Release|Any CPU
	EndGlobalSection
EndGlobal
